schema: '2.0'
stages:
  data_ingestion:
    cmd: python src/data_ingestion.py
    deps:
    - path: src/data_ingestion.py
      hash: md5
      md5: b3bc5b0b11ac2ebca74731f88f11a7de
      size: 6360
    params:
      params.yaml:
        data_ingestion.test_size: 5
    outs:
    - path: data/raw
      hash: md5
      md5: 5129fc9f30fc31ea5cdcdb9d96303a2b.dir
      size: 484846
      nfiles: 2
  data_preprocessing:
    cmd: python src/data_preprocessing.py
    deps:
    - path: data/raw
      hash: md5
      md5: 5129fc9f30fc31ea5cdcdb9d96303a2b.dir
      size: 484846
      nfiles: 2
    - path: src/data_preprocessing.py
      hash: md5
      md5: f4e960694cd03dd091fe93ae4c3bc34f
      size: 5514
    outs:
    - path: data/interim
      hash: md5
      md5: 8917409ea9d25bad0caf198e9310c6f9.dir
      size: 254243
      nfiles: 2
  feature_engineering:
    cmd: python src/feature_engineering.py
    deps:
    - path: data/interim
      hash: md5
      md5: 8917409ea9d25bad0caf198e9310c6f9.dir
      size: 254243
      nfiles: 2
    - path: src/feature_engineering.py
      hash: md5
      md5: 261b174fb3dc266345e8c7d8908ab1d1
      size: 6278
    params:
      params.yaml:
        feature_engineering.max_features: 70
    outs:
    - path: data/processed
      hash: md5
      md5: b915939aa34b0cd2949395a8fdea3797.dir
      size: 1606778
      nfiles: 2
  model_building:
    cmd: python src/model_building.py
    deps:
    - path: data/processed
      hash: md5
      md5: b915939aa34b0cd2949395a8fdea3797.dir
      size: 1606778
      nfiles: 2
    - path: src/model_building.py
      hash: md5
      md5: 1fc425ababd37113c860800d3052fbe8
      size: 6667
    params:
      params.yaml:
        model_building.n_estimators: 15
        model_building.random_state: 2
    outs:
    - path: models/model.pkl
      hash: md5
      md5: 964ededce2490e517cf186ebfde098ef
      size: 812629
  model_evaluation:
    cmd: python src/model_evaluation.py
    deps:
    - path: models/model.pkl
      hash: md5
      md5: 964ededce2490e517cf186ebfde098ef
      size: 812629
    - path: src/model_evaluation.py
      hash: md5
      md5: 5044be8e4223120654bbc1630f74eb50
      size: 6667
    outs:
    - path: reports/metrics.json
      hash: md5
      md5: a376b4f5c4c3b1db5fc040501b9f1cf9
      size: 89
